Microsoft Visual Studio Solution File, Format Version 11.00
# Visual Studio 2008

Project("{F79B2355-4C38-11BA-6830-94B0CFFA199D}") = "AngryClub", "Assembly-CSharp.csproj", "{471D1161-C185-7AD7-DCD1-C8AF829E3AA2}"
EndProject
Global
	GlobalSection(SolutionConfigurationPlatforms) = preSolution
		Debug|Any CPU = Debug|Any CPU
		Release|Any CPU = Release|Any CPU
	EndGlobalSection
	GlobalSection(ProjectConfigurationPlatforms) = postSolution
		{471D1161-C185-7AD7-DCD1-C8AF829E3AA2}.Debug|Any CPU.ActiveCfg = Debug|Any CPU
		{471D1161-C185-7AD7-DCD1-C8AF829E3AA2}.Debug|Any CPU.Build.0 = Debug|Any CPU
		{471D1161-C185-7AD7-DCD1-C8AF829E3AA2}.Release|Any CPU.ActiveCfg = Release|Any CPU
		{471D1161-C185-7AD7-DCD1-C8AF829E3AA2}.Release|Any CPU.Build.0 = Release|Any CPU
	EndGlobalSection
	GlobalSection(SolutionProperties) = preSolution
		HideSolutionNode = FALSE
	EndGlobalSection
	GlobalSection(MonoDevelopProperties) = preSolution
		StartupItem = Assembly-CSharp.csproj
	EndGlobalSection
EndGlobal
